
Microsoft Visual Studio Solution File, Format Version 12.00
# Visual Studio 14
VisualStudioVersion = 14.0.25420.1
MinimumVisualStudioVersion = 10.0.40219.1
Project("{FAE04EC0-301F-11D3-BF4B-00C04F79EFBC}") = "SmashLeagues", "SmashLeagues\SmashLeagues\SmashLeagues.csproj", "{5EBF9DE9-6A84-4C59-B959-98FBACBD3B5A}"
EndProject
Project("{FAE04EC0-301F-11D3-BF4B-00C04F79EFBC}") = "SmashLeagues.Droid", "SmashLeagues\SmashLeagues.Droid\SmashLeagues.Droid.csproj", "{25434DDD-680D-48E4-A7D1-C323500F1FF9}"
EndProject
Project("{FAE04EC0-301F-11D3-BF4B-00C04F79EFBC}") = "SmashLeagues.Backend", "Backend\SmashLeagues.Backend\SmashLeagues.Backend.csproj", "{A278DCEA-725E-4AB9-999E-1AE013DD38E9}"
EndProject
Global
	GlobalSection(SolutionConfigurationPlatforms) = preSolution
		Ad-Hoc|Any CPU = Ad-Hoc|Any CPU
		Ad-Hoc|iPhone = Ad-Hoc|iPhone
		Ad-Hoc|iPhoneSimulator = Ad-Hoc|iPhoneSimulator
		AppStore|Any CPU = AppStore|Any CPU
		AppStore|iPhone = AppStore|iPhone
		AppStore|iPhoneSimulator = AppStore|iPhoneSimulator
		Debug|Any CPU = Debug|Any CPU
		Debug|iPhone = Debug|iPhone
		Debug|iPhoneSimulator = Debug|iPhoneSimulator
		Release|Any CPU = Release|Any CPU
		Release|iPhone = Release|iPhone
		Release|iPhoneSimulator = Release|iPhoneSimulator
	EndGlobalSection
	GlobalSection(ProjectConfigurationPlatforms) = postSolution
		{5EBF9DE9-6A84-4C59-B959-98FBACBD3B5A}.Ad-Hoc|Any CPU.ActiveCfg = Release|Any CPU
		{5EBF9DE9-6A84-4C59-B959-98FBACBD3B5A}.Ad-Hoc|Any CPU.Build.0 = Release|Any CPU
		{5EBF9DE9-6A84-4C59-B959-98FBACBD3B5A}.Ad-Hoc|iPhone.ActiveCfg = Release|Any CPU
		{5EBF9DE9-6A84-4C59-B959-98FBACBD3B5A}.Ad-Hoc|iPhone.Build.0 = Release|Any CPU
		{5EBF9DE9-6A84-4C59-B959-98FBACBD3B5A}.Ad-Hoc|iPhoneSimulator.ActiveCfg = Release|Any CPU
		{5EBF9DE9-6A84-4C59-B959-98FBACBD3B5A}.Ad-Hoc|iPhoneSimulator.Build.0 = Release|Any CPU
		{5EBF9DE9-6A84-4C59-B959-98FBACBD3B5A}.AppStore|Any CPU.ActiveCfg = Release|Any CPU
		{5EBF9DE9-6A84-4C59-B959-98FBACBD3B5A}.AppStore|Any CPU.Build.0 = Release|Any CPU
		{5EBF9DE9-6A84-4C59-B959-98FBACBD3B5A}.AppStore|iPhone.ActiveCfg = Release|Any CPU
		{5EBF9DE9-6A84-4C59-B959-98FBACBD3B5A}.AppStore|iPhone.Build.0 = Release|Any CPU
		{5EBF9DE9-6A84-4C59-B959-98FBACBD3B5A}.AppStore|iPhoneSimulator.ActiveCfg = Release|Any CPU
		{5EBF9DE9-6A84-4C59-B959-98FBACBD3B5A}.AppStore|iPhoneSimulator.Build.0 = Release|Any CPU
		{5EBF9DE9-6A84-4C59-B959-98FBACBD3B5A}.Debug|Any CPU.ActiveCfg = Debug|Any CPU
		{5EBF9DE9-6A84-4C59-B959-98FBACBD3B5A}.Debug|Any CPU.Build.0 = Debug|Any CPU
		{5EBF9DE9-6A84-4C59-B959-98FBACBD3B5A}.Debug|iPhone.ActiveCfg = Debug|Any CPU
		{5EBF9DE9-6A84-4C59-B959-98FBACBD3B5A}.Debug|iPhone.Build.0 = Debug|Any CPU
		{5EBF9DE9-6A84-4C59-B959-98FBACBD3B5A}.Debug|iPhoneSimulator.ActiveCfg = Debug|Any CPU
		{5EBF9DE9-6A84-4C59-B959-98FBACBD3B5A}.Debug|iPhoneSimulator.Build.0 = Debug|Any CPU
		{5EBF9DE9-6A84-4C59-B959-98FBACBD3B5A}.Release|Any CPU.ActiveCfg = Release|Any CPU
		{5EBF9DE9-6A84-4C59-B959-98FBACBD3B5A}.Release|Any CPU.Build.0 = Release|Any CPU
		{5EBF9DE9-6A84-4C59-B959-98FBACBD3B5A}.Release|iPhone.ActiveCfg = Release|Any CPU
		{5EBF9DE9-6A84-4C59-B959-98FBACBD3B5A}.Release|iPhone.Build.0 = Release|Any CPU
		{5EBF9DE9-6A84-4C59-B959-98FBACBD3B5A}.Release|iPhoneSimulator.ActiveCfg = Release|Any CPU
		{5EBF9DE9-6A84-4C59-B959-98FBACBD3B5A}.Release|iPhoneSimulator.Build.0 = Release|Any CPU
		{25434DDD-680D-48E4-A7D1-C323500F1FF9}.Ad-Hoc|Any CPU.ActiveCfg = Release|Any CPU
		{25434DDD-680D-48E4-A7D1-C323500F1FF9}.Ad-Hoc|Any CPU.Build.0 = Release|Any CPU
		{25434DDD-680D-48E4-A7D1-C323500F1FF9}.Ad-Hoc|Any CPU.Deploy.0 = Release|Any CPU
		{25434DDD-680D-48E4-A7D1-C323500F1FF9}.Ad-Hoc|iPhone.ActiveCfg = Release|Any CPU
		{25434DDD-680D-48E4-A7D1-C323500F1FF9}.Ad-Hoc|iPhone.Build.0 = Release|Any CPU
		{25434DDD-680D-48E4-A7D1-C323500F1FF9}.Ad-Hoc|iPhone.Deploy.0 = Release|Any CPU
		{25434DDD-680D-48E4-A7D1-C323500F1FF9}.Ad-Hoc|iPhoneSimulator.ActiveCfg = Release|Any CPU
		{25434DDD-680D-48E4-A7D1-C323500F1FF9}.Ad-Hoc|iPhoneSimulator.Build.0 = Release|Any CPU
		{25434DDD-680D-48E4-A7D1-C323500F1FF9}.Ad-Hoc|iPhoneSimulator.Deploy.0 = Release|Any CPU
		{25434DDD-680D-48E4-A7D1-C323500F1FF9}.AppStore|Any CPU.ActiveCfg = Release|Any CPU
		{25434DDD-680D-48E4-A7D1-C323500F1FF9}.AppStore|Any CPU.Build.0 = Release|Any CPU
		{25434DDD-680D-48E4-A7D1-C323500F1FF9}.AppStore|Any CPU.Deploy.0 = Release|Any CPU
		{25434DDD-680D-48E4-A7D1-C323500F1FF9}.AppStore|iPhone.ActiveCfg = Release|Any CPU
		{25434DDD-680D-48E4-A7D1-C323500F1FF9}.AppStore|iPhone.Build.0 = Release|Any CPU
		{25434DDD-680D-48E4-A7D1-C323500F1FF9}.AppStore|iPhone.Deploy.0 = Release|Any CPU
		{25434DDD-680D-48E4-A7D1-C323500F1FF9}.AppStore|iPhoneSimulator.ActiveCfg = Release|Any CPU
		{25434DDD-680D-48E4-A7D1-C323500F1FF9}.AppStore|iPhoneSimulator.Build.0 = Release|Any CPU
		{25434DDD-680D-48E4-A7D1-C323500F1FF9}.AppStore|iPhoneSimulator.Deploy.0 = Release|Any CPU
		{25434DDD-680D-48E4-A7D1-C323500F1FF9}.Debug|Any CPU.ActiveCfg = Debug|Any CPU
		{25434DDD-680D-48E4-A7D1-C323500F1FF9}.Debug|Any CPU.Build.0 = Debug|Any CPU
		{25434DDD-680D-48E4-A7D1-C323500F1FF9}.Debug|Any CPU.Deploy.0 = Debug|Any CPU
		{25434DDD-680D-48E4-A7D1-C323500F1FF9}.Debug|iPhone.ActiveCfg = Debug|Any CPU
		{25434DDD-680D-48E4-A7D1-C323500F1FF9}.Debug|iPhone.Build.0 = Debug|Any CPU
		{25434DDD-680D-48E4-A7D1-C323500F1FF9}.Debug|iPhone.Deploy.0 = Debug|Any CPU
		{25434DDD-680D-48E4-A7D1-C323500F1FF9}.Debug|iPhoneSimulator.ActiveCfg = Debug|Any CPU
		{25434DDD-680D-48E4-A7D1-C323500F1FF9}.Debug|iPhoneSimulator.Build.0 = Debug|Any CPU
		{25434DDD-680D-48E4-A7D1-C323500F1FF9}.Debug|iPhoneSimulator.Deploy.0 = Debug|Any CPU
		{25434DDD-680D-48E4-A7D1-C323500F1FF9}.Release|Any CPU.ActiveCfg = Release|Any CPU
		{25434DDD-680D-48E4-A7D1-C323500F1FF9}.Release|Any CPU.Build.0 = Release|Any CPU
		{25434DDD-680D-48E4-A7D1-C323500F1FF9}.Release|Any CPU.Deploy.0 = Release|Any CPU
		{25434DDD-680D-48E4-A7D1-C323500F1FF9}.Release|iPhone.ActiveCfg = Release|Any CPU
		{25434DDD-680D-48E4-A7D1-C323500F1FF9}.Release|iPhone.Build.0 = Release|Any CPU
		{25434DDD-680D-48E4-A7D1-C323500F1FF9}.Release|iPhone.Deploy.0 = Release|Any CPU
		{25434DDD-680D-48E4-A7D1-C323500F1FF9}.Release|iPhoneSimulator.ActiveCfg = Release|Any CPU
		{25434DDD-680D-48E4-A7D1-C323500F1FF9}.Release|iPhoneSimulator.Build.0 = Release|Any CPU
		{25434DDD-680D-48E4-A7D1-C323500F1FF9}.Release|iPhoneSimulator.Deploy.0 = Release|Any CPU
		{A278DCEA-725E-4AB9-999E-1AE013DD38E9}.Ad-Hoc|Any CPU.ActiveCfg = Release|Any CPU
		{A278DCEA-725E-4AB9-999E-1AE013DD38E9}.Ad-Hoc|Any CPU.Build.0 = Release|Any CPU
		{A278DCEA-725E-4AB9-999E-1AE013DD38E9}.Ad-Hoc|iPhone.ActiveCfg = Release|Any CPU
		{A278DCEA-725E-4AB9-999E-1AE013DD38E9}.Ad-Hoc|iPhone.Build.0 = Release|Any CPU
		{A278DCEA-725E-4AB9-999E-1AE013DD38E9}.Ad-Hoc|iPhoneSimulator.ActiveCfg = Release|Any CPU
		{A278DCEA-725E-4AB9-999E-1AE013DD38E9}.Ad-Hoc|iPhoneSimulator.Build.0 = Release|Any CPU
		{A278DCEA-725E-4AB9-999E-1AE013DD38E9}.AppStore|Any CPU.ActiveCfg = Release|Any CPU
		{A278DCEA-725E-4AB9-999E-1AE013DD38E9}.AppStore|Any CPU.Build.0 = Release|Any CPU
		{A278DCEA-725E-4AB9-999E-1AE013DD38E9}.AppStore|iPhone.ActiveCfg = Release|Any CPU
		{A278DCEA-725E-4AB9-999E-1AE013DD38E9}.AppStore|iPhone.Build.0 = Release|Any CPU
		{A278DCEA-725E-4AB9-999E-1AE013DD38E9}.AppStore|iPhoneSimulator.ActiveCfg = Release|Any CPU
		{A278DCEA-725E-4AB9-999E-1AE013DD38E9}.AppStore|iPhoneSimulator.Build.0 = Release|Any CPU
		{A278DCEA-725E-4AB9-999E-1AE013DD38E9}.Debug|Any CPU.ActiveCfg = Debug|Any CPU
		{A278DCEA-725E-4AB9-999E-1AE013DD38E9}.Debug|Any CPU.Build.0 = Debug|Any CPU
		{A278DCEA-725E-4AB9-999E-1AE013DD38E9}.Debug|iPhone.ActiveCfg = Debug|Any CPU
		{A278DCEA-725E-4AB9-999E-1AE013DD38E9}.Debug|iPhone.Build.0 = Debug|Any CPU
		{A278DCEA-725E-4AB9-999E-1AE013DD38E9}.Debug|iPhoneSimulator.ActiveCfg = Debug|Any CPU
		{A278DCEA-725E-4AB9-999E-1AE013DD38E9}.Debug|iPhoneSimulator.Build.0 = Debug|Any CPU
		{A278DCEA-725E-4AB9-999E-1AE013DD38E9}.Release|Any CPU.ActiveCfg = Release|Any CPU
		{A278DCEA-725E-4AB9-999E-1AE013DD38E9}.Release|Any CPU.Build.0 = Release|Any CPU
		{A278DCEA-725E-4AB9-999E-1AE013DD38E9}.Release|iPhone.ActiveCfg = Release|Any CPU
		{A278DCEA-725E-4AB9-999E-1AE013DD38E9}.Release|iPhone.Build.0 = Release|Any CPU
		{A278DCEA-725E-4AB9-999E-1AE013DD38E9}.Release|iPhoneSimulator.ActiveCfg = Release|Any CPU
		{A278DCEA-725E-4AB9-999E-1AE013DD38E9}.Release|iPhoneSimulator.Build.0 = Release|Any CPU
	EndGlobalSection
	GlobalSection(SolutionProperties) = preSolution
		HideSolutionNode = FALSE
	EndGlobalSection
EndGlobal
